// !$*UTF8*$!
{
	archiveVersion = 1;
	classes = {
	};
	objectVersion = 46;
	objects = {

/* Begin PBXBuildFile section */
		CF94362B1EBAA0F700036D26 /* ConversantSDK.framework in Frameworks */ = {isa = PBXBuildFile; fileRef = CF94362A1EBAA0F700036D26 /* ConversantSDK.framework */; };
		CF94362C1EBAA0F700036D26 /* ConversantSDK.framework in Embed Frameworks */ = {isa = PBXBuildFile; fileRef = CF94362A1EBAA0F700036D26 /* ConversantSDK.framework */; settings = {ATTRIBUTES = (CodeSignOnCopy, RemoveHeadersOnCopy, ); }; };
		F110F1681EA147AB00091AAB /* AppDelegate.swift in Sources */ = {isa = PBXBuildFile; fileRef = F110F1671EA147AB00091AAB /* AppDelegate.swift */; };
		F110F16A1EA147AB00091AAB /* ViewController.swift in Sources */ = {isa = PBXBuildFile; fileRef = F110F1691EA147AB00091AAB /* ViewController.swift */; };
		F110F16D1EA147AB00091AAB /* Main.storyboard in Resources */ = {isa = PBXBuildFile; fileRef = F110F16B1EA147AB00091AAB /* Main.storyboard */; };
		F110F16F1EA147AB00091AAB /* Assets.xcassets in Resources */ = {isa = PBXBuildFile; fileRef = F110F16E1EA147AB00091AAB /* Assets.xcassets */; };
		F110F1721EA147AB00091AAB /* LaunchScreen.storyboard in Resources */ = {isa = PBXBuildFile; fileRef = F110F1701EA147AB00091AAB /* LaunchScreen.storyboard */; };
/* End PBXBuildFile section */

/* Begin PBXCopyFilesBuildPhase section */
		F110F1A51EA147EA00091AAB /* Embed Frameworks */ = {
			isa = PBXCopyFilesBuildPhase;
			buildActionMask = 2147483647;
			dstPath = "";
			dstSubfolderSpec = 10;
			files = (
				CF94362C1EBAA0F700036D26 /* ConversantSDK.framework in Embed Frameworks */,
			);
			name = "Embed Frameworks";
			runOnlyForDeploymentPostprocessing = 0;
		};
/* End PBXCopyFilesBuildPhase section */

/* Begin PBXFileReference section */
		CF94362A1EBAA0F700036D26 /* ConversantSDK.framework */ = {isa = PBXFileReference; lastKnownFileType = wrapper.framework; path = ConversantSDK.framework; sourceTree = "<group>"; };
		F110F1641EA147AB00091AAB /* ConversantSDKSampleAppSwift.app */ = {isa = PBXFileReference; explicitFileType = wrapper.application; includeInIndex = 0; path = ConversantSDKSampleAppSwift.app; sourceTree = BUILT_PRODUCTS_DIR; };
		F110F1671EA147AB00091AAB /* AppDelegate.swift */ = {isa = PBXFileReference; lastKnownFileType = sourcecode.swift; path = AppDelegate.swift; sourceTree = "<group>"; };
		F110F1691EA147AB00091AAB /* ViewController.swift */ = {isa = PBXFileReference; lastKnownFileType = sourcecode.swift; path = ViewController.swift; sourceTree = "<group>"; };
		F110F16C1EA147AB00091AAB /* Base */ = {isa = PBXFileReference; lastKnownFileType = file.storyboard; name = Base; path = Base.lproj/Main.storyboard; sourceTree = "<group>"; };
		F110F16E1EA147AB00091AAB /* Assets.xcassets */ = {isa = PBXFileReference; lastKnownFileType = folder.assetcatalog; path = Assets.xcassets; sourceTree = "<group>"; };
		F110F1711EA147AB00091AAB /* Base */ = {isa = PBXFileReference; lastKnownFileType = file.storyboard; name = Base; path = Base.lproj/LaunchScreen.storyboard; sourceTree = "<group>"; };
		F110F1731EA147AB00091AAB /* Info.plist */ = {isa = PBXFileReference; lastKnownFileType = text.plist.xml; path = Info.plist; sourceTree = "<group>"; };
/* End PBXFileReference section */

/* Begin PBXFrameworksBuildPhase section */
		F110F1611EA147AB00091AAB /* Frameworks */ = {
			isa = PBXFrameworksBuildPhase;
			buildActionMask = 2147483647;
			files = (
				CF94362B1EBAA0F700036D26 /* ConversantSDK.framework in Frameworks */,
			);
			runOnlyForDeploymentPostprocessing = 0;
		};
/* End PBXFrameworksBuildPhase section */

/* Begin PBXGroup section */
		F110F15B1EA147AA00091AAB = {
			isa = PBXGroup;
			children = (
				CF94362A1EBAA0F700036D26 /* ConversantSDK.framework */,
				F110F1661EA147AB00091AAB /* ConversantSDKSampleAppSwift */,
				F110F1651EA147AB00091AAB /* Products */,
			);
			sourceTree = "<group>";
		};
		F110F1651EA147AB00091AAB /* Products */ = {
			isa = PBXGroup;
			children = (
				F110F1641EA147AB00091AAB /* ConversantSDKSampleAppSwift.app */,
			);
			name = Products;
			sourceTree = "<group>";
		};
		F110F1661EA147AB00091AAB /* ConversantSDKSampleAppSwift */ = {
			isa = PBXGroup;
			children = (
				F110F1671EA147AB00091AAB /* AppDelegate.swift */,
				F110F1691EA147AB00091AAB /* ViewController.swift */,
				F110F16B1EA147AB00091AAB /* Main.storyboard */,
				F110F16E1EA147AB00091AAB /* Assets.xcassets */,
				F110F1701EA147AB00091AAB /* LaunchScreen.storyboard */,
				F110F1731EA147AB00091AAB /* Info.plist */,
			);
			path = ConversantSDKSampleAppSwift;
			sourceTree = "<group>";
		};
/* End PBXGroup section */

/* Begin PBXNativeTarget section */
		F110F1631EA147AB00091AAB /* ConversantSDKSampleAppSwift */ = {
			isa = PBXNativeTarget;
			buildConfigurationList = F110F1761EA147AB00091AAB /* Build configuration list for PBXNativeTarget "ConversantSDKSampleAppSwift" */;
			buildPhases = (
				F110F1601EA147AB00091AAB /* Sources */,
				F110F1611EA147AB00091AAB /* Frameworks */,
				F110F1621EA147AB00091AAB /* Resources */,
				F110F1A51EA147EA00091AAB /* Embed Frameworks */,
			);
			buildRules = (
			);
			dependencies = (
			);
			name = ConversantSDKSampleAppSwift;
			productName = ConversantSDKSampleAppSwift;
			productReference = F110F1641EA147AB00091AAB /* ConversantSDKSampleAppSwift.app */;
			productType = "com.apple.product-type.application";
		};
/* End PBXNativeTarget section */

/* Begin PBXProject section */
		F110F15C1EA147AA00091AAB /* Project object */ = {
			isa = PBXProject;
			attributes = {
				LastSwiftUpdateCheck = 0830;
				LastUpgradeCheck = 0830;
				ORGANIZATIONNAME = "Daniel Kanaan";
				TargetAttributes = {
					F110F1631EA147AB00091AAB = {
						CreatedOnToolsVersion = 8.3.1;
						DevelopmentTeam = MQN7FXPCA7;
						ProvisioningStyle = Automatic;
					};
				};
			};
			buildConfigurationList = F110F15F1EA147AA00091AAB /* Build configuration list for PBXProject "ConversantSDKSampleAppSwift" */;
			compatibilityVersion = "Xcode 3.2";
			developmentRegion = English;
			hasScannedForEncodings = 0;
			knownRegions = (
				en,
				Base,
			);
			mainGroup = F110F15B1EA147AA00091AAB;
			productRefGroup = F110F1651EA147AB00091AAB /* Products */;
			projectDirPath = "";
			projectRoot = "";
			targets = (
				F110F1631EA147AB00091AAB /* ConversantSDKSampleAppSwift */,
			);
		};
/* End PBXProject section */

/* Begin PBXResourcesBuildPhase section */
		F110F1621EA147AB00091AAB /* Resources */ = {
			isa = PBXResourcesBuildPhase;
			buildActionMask = 2147483647;
			files = (
				F110F1721EA147AB00091AAB /* LaunchScreen.storyboard in Resources */,
				F110F16F1EA147AB00091AAB /* Assets.xcassets in Resources */,
				F110F16D1EA147AB00091AAB /* Main.storyboard in Resources */,
			);
			runOnlyForDeploymentPostprocessing = 0;
		};
/* End PBXResourcesBuildPhase section */

/* Begin PBXSourcesBuildPhase section */
		F110F1601EA147AB00091AAB /* Sources */ = {
			isa = PBXSourcesBuildPhase;
			buildActionMask = 2147483647;
			files = (
				F110F16A1EA147AB00091AAB /* ViewController.swift in Sources */,
				F110F1681EA147AB00091AAB /* AppDelegate.swift in Sources */,
			);
			runOnlyForDeploymentPostprocessing = 0;
		};
/* End PBXSourcesBuildPhase section */

/* Begin PBXVariantGroup section */
		F110F16B1EA147AB00091AAB /* Main.storyboard */ = {
			isa = PBXVariantGroup;
			children = (
				F110F16C1EA147AB00091AAB /* Base */,
			);
			name = Main.storyboard;
			sourceTree = "<group>";
		};
		F110F1701EA147AB00091AAB /* LaunchScreen.storyboard */ = {
			isa = PBXVariantGroup;
			children = (
				F110F1711EA147AB00091AAB /* Base */,
			);
			name = LaunchScreen.storyboard;
			sourceTree = "<group>";
		};
/* End PBXVariantGroup section */

/* Begin XCBuildConfiguration section */
		F110F1741EA147AB00091AAB /* Debug */ = {
			isa = XCBuildConfiguration;
			buildSettings = {
				ALWAYS_SEARCH_USER_PATHS = NO;
				CLANG_ANALYZER_NONNULL = YES;
				CLANG_ANALYZER_NUMBER_OBJECT_CONVERSION = YES_AGGRESSIVE;
				CLANG_CXX_LANGUAGE_STANDARD = "gnu++0x";
				CLANG_CXX_LIBRARY = "libc++";
				CLANG_ENABLE_MODULES = YES;
				CLANG_ENABLE_OBJC_ARC = YES;
				CLANG_WARN_BOOL_CONVERSION = YES;
				CLANG_WARN_CONSTANT_CONVERSION = YES;
				CLANG_WARN_DIRECT_OBJC_ISA_USAGE = YES_ERROR;
				CLANG_WARN_DOCUMENTATION_COMMENTS = YES;
				CLANG_WARN_EMPTY_BODY = YES;
				CLANG_WARN_ENUM_CONVERSION = YES;
				CLANG_WARN_INFINITE_RECURSION = YES;
				CLANG_WARN_INT_CONVERSION = YES;
				CLANG_WARN_OBJC_ROOT_CLASS = YES_ERROR;
				CLANG_WARN_SUSPICIOUS_MOVE = YES;
				CLANG_WARN_UNREACHABLE_CODE = YES;
				CLANG_WARN__DUPLICATE_METHOD_MATCH = YES;
				"CODE_SIGN_IDENTITY[sdk=iphoneos*]" = "iPhone Developer";
				COPY_PHASE_STRIP = NO;
				DEBUG_INFORMATION_FORMAT = dwarf;
				ENABLE_STRICT_OBJC_MSGSEND = YES;
				ENABLE_TESTABILITY = YES;
				GCC_C_LANGUAGE_STANDARD = gnu99;
				GCC_DYNAMIC_NO_PIC = NO;
				GCC_NO_COMMON_BLOCKS = YES;
				GCC_OPTIMIZATION_LEVEL = 0;
				GCC_PREPROCESSOR_DEFINITIONS = (
					"DEBUG=1",
					"$(inherited)",
				);
				GCC_WARN_64_TO_32_BIT_CONVERSION = YES;
				GCC_WARN_ABOUT_RETURN_TYPE = YES_ERROR;
				GCC_WARN_UNDECLARED_SELECTOR = YES;
				GCC_WARN_UNINITIALIZED_AUTOS = YES_AGGRESSIVE;
				GCC_WARN_UNUSED_FUNCTION = YES;
				GCC_WARN_UNUSED_VARIABLE = YES;
				IPHONEOS_DEPLOYMENT_TARGET = 10.3;
				MTL_ENABLE_DEBUG_INFO = YES;
				ONLY_ACTIVE_ARCH = YES;
				SDKROOT = iphoneos;
				SWIFT_ACTIVE_COMPILATION_CONDITIONS = DEBUG;
				SWIFT_OPTIMIZATION_LEVEL = "-Onone";
				TARGETED_DEVICE_FAMILY = "1,2";
			};
			name = Debug;
		};
		F110F1751EA147AB00091AAB /* Release */ = {
			isa = XCBuildConfiguration;
			buildSettings = {
				ALWAYS_SEARCH_USER_PATHS = NO;
				CLANG_ANALYZER_NONNULL = YES;
				CLANG_ANALYZER_NUMBER_OBJECT_CONVERSION = YES_AGGRESSIVE;
				CLANG_CXX_LANGUAGE_STANDARD = "gnu++0x";
				CLANG_CXX_LIBRARY = "libc++";
				CLANG_ENABLE_MODULES = YES;
				CLANG_ENABLE_OBJC_ARC = YES;
				CLANG_WARN_BOOL_CONVERSION = YES;
				CLANG_WARN_CONSTANT_CONVERSION = YES;
				CLANG_WARN_DIRECT_OBJC_ISA_USAGE = YES_ERROR;
				CLANG_WARN_DOCUMENTATION_COMMENTS = YES;
				CLANG_WARN_EMPTY_BODY = YES;
				CLANG_WARN_ENUM_CONVERSION = YES;
				CLANG_WARN_INFINITE_RECURSION = YES;
				CLANG_WARN_INT_CONVERSION = YES;
				CLANG_WARN_OBJC_ROOT_CLASS = YES_ERROR;
				CLANG_WARN_SUSPICIOUS_MOVE = YES;
				CLANG_WARN_UNREACHABLE_CODE = YES;
				CLANG_WARN__DUPLICATE_METHOD_MATCH = YES;
				"CODE_SIGN_IDENTITY[sdk=iphoneos*]" = "iPhone Developer";
				COPY_PHASE_STRIP = NO;
				DEBUG_INFORMATION_FORMAT = "dwarf-with-dsym";
				ENABLE_NS_ASSERTIONS = NO;
				ENABLE_STRICT_OBJC_MSGSEND = YES;
				GCC_C_LANGUAGE_STANDARD = gnu99;
				GCC_NO_COMMON_BLOCKS = YES;
				GCC_WARN_64_TO_32_BIT_CONVERSION = YES;
				GCC_WARN_ABOUT_RETURN_TYPE = YES_ERROR;
				GCC_WARN_UNDECLARED_SELECTOR = YES;
				GCC_WARN_UNINITIALIZED_AUTOS = YES_AGGRESSIVE;
				GCC_WARN_UNUSED_FUNCTION = YES;
				GCC_WARN_UNUSED_VARIABLE = YES;
				IPHONEOS_DEPLOYMENT_TARGET = 10.3;
				MTL_ENABLE_DEBUG_INFO = NO;
				SDKROOT = iphoneos;
				SWIFT_OPTIMIZATION_LEVEL = "-Owholemodule";
				TARGETED_DEVICE_FAMILY = "1,2";
				VALIDATE_PRODUCT = YES;
			};
			name = Release;
		};
		F110F1771EA147AB00091AAB /* Debug */ = {
			isa = XCBuildConfiguration;
			buildSettings = {
				ASSETCATALOG_COMPILER_APPICON_NAME = AppIcon;
				DEVELOPMENT_TEAM = MQN7FXPCA7;
				FRAMEWORK_SEARCH_PATHS = "\"$(SRCROOT)/../Release-iphoneuniversal\"";
				INFOPLIST_FILE = ConversantSDKSampleAppSwift/Info.plist;
				LD_RUNPATH_SEARCH_PATHS = "$(inherited) @executable_path/Frameworks";
				PRODUCT_BUNDLE_IDENTIFIER = com.conversant.ConversantSDKSampleAppSwift;
				PRODUCT_NAME = "$(TARGET_NAME)";
				SWIFT_VERSION = 3.0;
			};
			name = Debug;
		};
		F110F1781EA147AB00091AAB /* Release */ = {
			isa = XCBuildConfiguration;
			buildSettings = {
				ASSETCATALOG_COMPILER_APPICON_NAME = AppIcon;
				DEVELOPMENT_TEAM = MQN7FXPCA7;
				FRAMEWORK_SEARCH_PATHS = "\"$(SRCROOT)/../Release-iphoneuniversal\"";
				INFOPLIST_FILE = ConversantSDKSampleAppSwift/Info.plist;
				LD_RUNPATH_SEARCH_PATHS = "$(inherited) @executable_path/Frameworks";
				PRODUCT_BUNDLE_IDENTIFIER = com.conversant.ConversantSDKSampleAppSwift;
				PRODUCT_NAME = "$(TARGET_NAME)";
				SWIFT_VERSION = 3.0;
			};
			name = Release;
		};
/* End XCBuildConfiguration section */

/* Begin XCConfigurationList section */
		F110F15F1EA147AA00091AAB /* Build configuration list for PBXProject "ConversantSDKSampleAppSwift" */ = {
			isa = XCConfigurationList;
			buildConfigurations = (
				F110F1741EA147AB00091AAB /* Debug */,
				F110F1751EA147AB00091AAB /* Release */,
			);
			defaultConfigurationIsVisible = 0;
			defaultConfigurationName = Release;
		};
		F110F1761EA147AB00091AAB /* Build configuration list for PBXNativeTarget "ConversantSDKSampleAppSwift" */ = {
			isa = XCConfigurationList;
			buildConfigurations = (
				F110F1771EA147AB00091AAB /* Debug */,
				F110F1781EA147AB00091AAB /* Release */,
			);
			defaultConfigurationIsVisible = 0;
			defaultConfigurationName = Release;
		};
/* End XCConfigurationList section */
	};
	rootObject = F110F15C1EA147AA00091AAB /* Project object */;
}
